
Microsoft Visual Studio Solution File, Format Version 12.00
# Visual Studio Version 16
VisualStudioVersion = 16.0.30011.22
MinimumVisualStudioVersion = 10.0.40219.1
Project("{FAE04EC0-301F-11D3-BF4B-00C04F79EFBC}") = "MongoDB_Employees", "MongoDB_Employees\MongoDB_Employees.csproj", "{80CD4354-F939-429D-B125-16AC75FF2649}"
EndProject
Global
	GlobalSection(SolutionConfigurationPlatforms) = preSolution
		Debug|Any CPU = Debug|Any CPU
		Release|Any CPU = Release|Any CPU
	EndGlobalSection
	GlobalSection(ProjectConfigurationPlatforms) = postSolution
		{80CD4354-F939-429D-B125-16AC75FF2649}.Debug|Any CPU.ActiveCfg = Debug|Any CPU
		{80CD4354-F939-429D-B125-16AC75FF2649}.Debug|Any CPU.Build.0 = Debug|Any CPU
		{80CD4354-F939-429D-B125-16AC75FF2649}.Release|Any CPU.ActiveCfg = Release|Any CPU
		{80CD4354-F939-429D-B125-16AC75FF2649}.Release|Any CPU.Build.0 = Release|Any CPU
	EndGlobalSection
	GlobalSection(SolutionProperties) = preSolution
		HideSolutionNode = FALSE
	EndGlobalSection
	GlobalSection(ExtensibilityGlobals) = postSolution
		SolutionGuid = {DC4822ED-A8C7-4D9F-B0DF-D6412D0E2B86}
	EndGlobalSection
EndGlobal
